// !$*UTF8*$!
{
	archiveVersion = 1;
	classes = {
	};
	objectVersion = 51;
	objects = {

/* Begin PBXBuildFile section */
		0FDFAD50A2382DB747352E75 /* Pods_Feed.framework in Frameworks */ = {isa = PBXBuildFile; fileRef = 9CEBD9D3E5B1AE95DB31D923 /* Pods_Feed.framework */; };
		901BEF8127071EE300B822D3 /* SignUpViewController.swift in Sources */ = {isa = PBXBuildFile; fileRef = 901BEF7F27071EE300B822D3 /* SignUpViewController.swift */; };
		901BEF8227071EE300B822D3 /* SignUpViewController.xib in Resources */ = {isa = PBXBuildFile; fileRef = 901BEF8027071EE300B822D3 /* SignUpViewController.xib */; };
		901BEF842707442800B822D3 /* FirebaseAuthManager.swift in Sources */ = {isa = PBXBuildFile; fileRef = 901BEF832707442800B822D3 /* FirebaseAuthManager.swift */; };
		901BEF862707446400B822D3 /* UserSession.swift in Sources */ = {isa = PBXBuildFile; fileRef = 901BEF852707446400B822D3 /* UserSession.swift */; };
		903BC9C32706891200A4DE91 /* GoogleService-Info.plist in Resources */ = {isa = PBXBuildFile; fileRef = 903BC9C22706891200A4DE91 /* GoogleService-Info.plist */; };
		F40044602706969400B910F2 /* SignInViewController.swift in Sources */ = {isa = PBXBuildFile; fileRef = F400445E2706969400B910F2 /* SignInViewController.swift */; };
		F40044612706969400B910F2 /* SignInViewController.xib in Resources */ = {isa = PBXBuildFile; fileRef = F400445F2706969400B910F2 /* SignInViewController.xib */; };
		F45397FB270670F40088ACCD /* AppDelegate.swift in Sources */ = {isa = PBXBuildFile; fileRef = F45397FA270670F40088ACCD /* AppDelegate.swift */; };
		F4539804270670F80088ACCD /* Assets.xcassets in Resources */ = {isa = PBXBuildFile; fileRef = F4539803270670F80088ACCD /* Assets.xcassets */; };
		F4539807270670F80088ACCD /* LaunchScreen.storyboard in Resources */ = {isa = PBXBuildFile; fileRef = F4539805270670F80088ACCD /* LaunchScreen.storyboard */; };
/* End PBXBuildFile section */

/* Begin PBXFileReference section */
		77E688960E2D2DDDEE72B15B /* Pods-Feed.debug.xcconfig */ = {isa = PBXFileReference; includeInIndex = 1; lastKnownFileType = text.xcconfig; name = "Pods-Feed.debug.xcconfig"; path = "Target Support Files/Pods-Feed/Pods-Feed.debug.xcconfig"; sourceTree = "<group>"; };
		901BEF7F27071EE300B822D3 /* SignUpViewController.swift */ = {isa = PBXFileReference; lastKnownFileType = sourcecode.swift; path = SignUpViewController.swift; sourceTree = "<group>"; };
		901BEF8027071EE300B822D3 /* SignUpViewController.xib */ = {isa = PBXFileReference; lastKnownFileType = file.xib; path = SignUpViewController.xib; sourceTree = "<group>"; };
		901BEF832707442800B822D3 /* FirebaseAuthManager.swift */ = {isa = PBXFileReference; lastKnownFileType = sourcecode.swift; path = FirebaseAuthManager.swift; sourceTree = "<group>"; };
		901BEF852707446400B822D3 /* UserSession.swift */ = {isa = PBXFileReference; lastKnownFileType = sourcecode.swift; path = UserSession.swift; sourceTree = "<group>"; };
		903BC9C22706891200A4DE91 /* GoogleService-Info.plist */ = {isa = PBXFileReference; fileEncoding = 4; lastKnownFileType = text.plist.xml; path = "GoogleService-Info.plist"; sourceTree = "<group>"; };
		9CEBD9D3E5B1AE95DB31D923 /* Pods_Feed.framework */ = {isa = PBXFileReference; explicitFileType = wrapper.framework; includeInIndex = 0; path = Pods_Feed.framework; sourceTree = BUILT_PRODUCTS_DIR; };
		CE51D86919D49B308DA88BA7 /* Pods-Feed.release.xcconfig */ = {isa = PBXFileReference; includeInIndex = 1; lastKnownFileType = text.xcconfig; name = "Pods-Feed.release.xcconfig"; path = "Target Support Files/Pods-Feed/Pods-Feed.release.xcconfig"; sourceTree = "<group>"; };
		F400445E2706969400B910F2 /* SignInViewController.swift */ = {isa = PBXFileReference; lastKnownFileType = sourcecode.swift; path = SignInViewController.swift; sourceTree = "<group>"; };
		F400445F2706969400B910F2 /* SignInViewController.xib */ = {isa = PBXFileReference; lastKnownFileType = file.xib; path = SignInViewController.xib; sourceTree = "<group>"; };
		F45397F7270670F40088ACCD /* Feed.app */ = {isa = PBXFileReference; explicitFileType = wrapper.application; includeInIndex = 0; path = Feed.app; sourceTree = BUILT_PRODUCTS_DIR; };
		F45397FA270670F40088ACCD /* AppDelegate.swift */ = {isa = PBXFileReference; lastKnownFileType = sourcecode.swift; path = AppDelegate.swift; sourceTree = "<group>"; };
		F4539803270670F80088ACCD /* Assets.xcassets */ = {isa = PBXFileReference; lastKnownFileType = folder.assetcatalog; path = Assets.xcassets; sourceTree = "<group>"; };
		F4539806270670F80088ACCD /* Base */ = {isa = PBXFileReference; lastKnownFileType = file.storyboard; name = Base; path = Base.lproj/LaunchScreen.storyboard; sourceTree = "<group>"; };
		F4539808270670F80088ACCD /* Info.plist */ = {isa = PBXFileReference; lastKnownFileType = text.plist.xml; path = Info.plist; sourceTree = "<group>"; };
/* End PBXFileReference section */

/* Begin PBXFrameworksBuildPhase section */
		F45397F4270670F40088ACCD /* Frameworks */ = {
			isa = PBXFrameworksBuildPhase;
			buildActionMask = 2147483647;
			files = (
				0FDFAD50A2382DB747352E75 /* Pods_Feed.framework in Frameworks */,
			);
			runOnlyForDeploymentPostprocessing = 0;
		};
/* End PBXFrameworksBuildPhase section */

/* Begin PBXGroup section */
		2BF0B3F7A9369B4391802730 /* Frameworks */ = {
			isa = PBXGroup;
			children = (
				9CEBD9D3E5B1AE95DB31D923 /* Pods_Feed.framework */,
			);
			name = Frameworks;
			sourceTree = "<group>";
		};
		58CE48F20C4ACD783009F4BB /* Pods */ = {
			isa = PBXGroup;
			children = (
				77E688960E2D2DDDEE72B15B /* Pods-Feed.debug.xcconfig */,
				CE51D86919D49B308DA88BA7 /* Pods-Feed.release.xcconfig */,
			);
			path = Pods;
			sourceTree = "<group>";
		};
		901BEF7E27071CEF00B822D3 /* SignUp */ = {
			isa = PBXGroup;
			children = (
				901BEF7F27071EE300B822D3 /* SignUpViewController.swift */,
				901BEF8027071EE300B822D3 /* SignUpViewController.xib */,
			);
			path = SignUp;
			sourceTree = "<group>";
		};
		903BC9BF2706870E00A4DE91 /* Resources */ = {
			isa = PBXGroup;
			children = (
				F4539808270670F80088ACCD /* Info.plist */,
				903BC9C22706891200A4DE91 /* GoogleService-Info.plist */,
				F4539805270670F80088ACCD /* LaunchScreen.storyboard */,
				F4539803270670F80088ACCD /* Assets.xcassets */,
			);
			path = Resources;
			sourceTree = "<group>";
		};
		903BC9C02706874B00A4DE91 /* Sources */ = {
			isa = PBXGroup;
			children = (
				F45397FA270670F40088ACCD /* AppDelegate.swift */,
				901BEF832707442800B822D3 /* FirebaseAuthManager.swift */,
				901BEF852707446400B822D3 /* UserSession.swift */,
			);
			path = Sources;
			sourceTree = "<group>";
		};
		903BC9C12706875100A4DE91 /* Scenes */ = {
			isa = PBXGroup;
			children = (
				F400445B2706964600B910F2 /* Login */,
			);
			path = Scenes;
			sourceTree = "<group>";
		};
		F400445B2706964600B910F2 /* Login */ = {
			isa = PBXGroup;
			children = (
				901BEF7E27071CEF00B822D3 /* SignUp */,
				F400445C2706964F00B910F2 /* SignIn */,
			);
			path = Login;
			sourceTree = "<group>";
		};
		F400445C2706964F00B910F2 /* SignIn */ = {
			isa = PBXGroup;
			children = (
				F400445E2706969400B910F2 /* SignInViewController.swift */,
				F400445F2706969400B910F2 /* SignInViewController.xib */,
			);
			path = SignIn;
			sourceTree = "<group>";
		};
		F45397EE270670F40088ACCD = {
			isa = PBXGroup;
			children = (
				F45397F9270670F40088ACCD /* Feed */,
				F45397F8270670F40088ACCD /* Products */,
				58CE48F20C4ACD783009F4BB /* Pods */,
				2BF0B3F7A9369B4391802730 /* Frameworks */,
			);
			sourceTree = "<group>";
		};
		F45397F8270670F40088ACCD /* Products */ = {
			isa = PBXGroup;
			children = (
				F45397F7270670F40088ACCD /* Feed.app */,
			);
			name = Products;
			sourceTree = "<group>";
		};
		F45397F9270670F40088ACCD /* Feed */ = {
			isa = PBXGroup;
			children = (
				903BC9C02706874B00A4DE91 /* Sources */,
				903BC9C12706875100A4DE91 /* Scenes */,
				903BC9BF2706870E00A4DE91 /* Resources */,
			);
			path = Feed;
			sourceTree = "<group>";
		};
/* End PBXGroup section */

/* Begin PBXNativeTarget section */
		F45397F6270670F40088ACCD /* Feed */ = {
			isa = PBXNativeTarget;
			buildConfigurationList = F453980B270670F80088ACCD /* Build configuration list for PBXNativeTarget "Feed" */;
			buildPhases = (
				7C7103058CC1C52255E9BC1A /* [CP] Check Pods Manifest.lock */,
				F45397F3270670F40088ACCD /* Sources */,
				F45397F4270670F40088ACCD /* Frameworks */,
				F45397F5270670F40088ACCD /* Resources */,
				264A12B6523058243D2C5013 /* [CP] Embed Pods Frameworks */,
			);
			buildRules = (
			);
			dependencies = (
			);
			name = Feed;
			productName = Feed;
			productReference = F45397F7270670F40088ACCD /* Feed.app */;
			productType = "com.apple.product-type.application";
		};
/* End PBXNativeTarget section */

/* Begin PBXProject section */
		F45397EF270670F40088ACCD /* Project object */ = {
			isa = PBXProject;
			attributes = {
				LastSwiftUpdateCheck = 1220;
				LastUpgradeCheck = 1220;
				TargetAttributes = {
					F45397F6270670F40088ACCD = {
						CreatedOnToolsVersion = 12.2;
					};
				};
			};
			buildConfigurationList = F45397F2270670F40088ACCD /* Build configuration list for PBXProject "Feed" */;
			compatibilityVersion = "Xcode 9.3";
			developmentRegion = en;
			hasScannedForEncodings = 0;
			knownRegions = (
				en,
				Base,
			);
			mainGroup = F45397EE270670F40088ACCD;
			productRefGroup = F45397F8270670F40088ACCD /* Products */;
			projectDirPath = "";
			projectRoot = "";
			targets = (
				F45397F6270670F40088ACCD /* Feed */,
			);
		};
/* End PBXProject section */

/* Begin PBXResourcesBuildPhase section */
		F45397F5270670F40088ACCD /* Resources */ = {
			isa = PBXResourcesBuildPhase;
			buildActionMask = 2147483647;
			files = (
				901BEF8227071EE300B822D3 /* SignUpViewController.xib in Resources */,
				F40044612706969400B910F2 /* SignInViewController.xib in Resources */,
				F4539807270670F80088ACCD /* LaunchScreen.storyboard in Resources */,
				F4539804270670F80088ACCD /* Assets.xcassets in Resources */,
				903BC9C32706891200A4DE91 /* GoogleService-Info.plist in Resources */,
			);
			runOnlyForDeploymentPostprocessing = 0;
		};
/* End PBXResourcesBuildPhase section */

/* Begin PBXShellScriptBuildPhase section */
		264A12B6523058243D2C5013 /* [CP] Embed Pods Frameworks */ = {
			isa = PBXShellScriptBuildPhase;
			buildActionMask = 2147483647;
			files = (
			);
			inputFileListPaths = (
				"${PODS_ROOT}/Target Support Files/Pods-Feed/Pods-Feed-frameworks-${CONFIGURATION}-input-files.xcfilelist",
			);
			name = "[CP] Embed Pods Frameworks";
			outputFileListPaths = (
				"${PODS_ROOT}/Target Support Files/Pods-Feed/Pods-Feed-frameworks-${CONFIGURATION}-output-files.xcfilelist",
			);
			runOnlyForDeploymentPostprocessing = 0;
			shellPath = /bin/sh;
			shellScript = "\"${PODS_ROOT}/Target Support Files/Pods-Feed/Pods-Feed-frameworks.sh\"\n";
			showEnvVarsInLog = 0;
		};
		7C7103058CC1C52255E9BC1A /* [CP] Check Pods Manifest.lock */ = {
			isa = PBXShellScriptBuildPhase;
			buildActionMask = 2147483647;
			files = (
			);
			inputFileListPaths = (
			);
			inputPaths = (
				"${PODS_PODFILE_DIR_PATH}/Podfile.lock",
				"${PODS_ROOT}/Manifest.lock",
			);
			name = "[CP] Check Pods Manifest.lock";
			outputFileListPaths = (
			);
			outputPaths = (
				"$(DERIVED_FILE_DIR)/Pods-Feed-checkManifestLockResult.txt",
			);
			runOnlyForDeploymentPostprocessing = 0;
			shellPath = /bin/sh;
			shellScript = "diff \"${PODS_PODFILE_DIR_PATH}/Podfile.lock\" \"${PODS_ROOT}/Manifest.lock\" > /dev/null\nif [ $? != 0 ] ; then\n    # print error to STDERR\n    echo \"error: The sandbox is not in sync with the Podfile.lock. Run 'pod install' or update your CocoaPods installation.\" >&2\n    exit 1\nfi\n# This output is used by Xcode 'outputs' to avoid re-running this script phase.\necho \"SUCCESS\" > \"${SCRIPT_OUTPUT_FILE_0}\"\n";
			showEnvVarsInLog = 0;
		};
/* End PBXShellScriptBuildPhase section */

/* Begin PBXSourcesBuildPhase section */
		F45397F3270670F40088ACCD /* Sources */ = {
			isa = PBXSourcesBuildPhase;
			buildActionMask = 2147483647;
			files = (
				901BEF8127071EE300B822D3 /* SignUpViewController.swift in Sources */,
				901BEF862707446400B822D3 /* UserSession.swift in Sources */,
				F40044602706969400B910F2 /* SignInViewController.swift in Sources */,
				901BEF842707442800B822D3 /* FirebaseAuthManager.swift in Sources */,
				F45397FB270670F40088ACCD /* AppDelegate.swift in Sources */,
			);
			runOnlyForDeploymentPostprocessing = 0;
		};
/* End PBXSourcesBuildPhase section */

/* Begin PBXVariantGroup section */
		F4539805270670F80088ACCD /* LaunchScreen.storyboard */ = {
			isa = PBXVariantGroup;
			children = (
				F4539806270670F80088ACCD /* Base */,
			);
			name = LaunchScreen.storyboard;
			sourceTree = "<group>";
		};
/* End PBXVariantGroup section */

/* Begin XCBuildConfiguration section */
		F4539809270670F80088ACCD /* Debug */ = {
			isa = XCBuildConfiguration;
			buildSettings = {
				ALWAYS_SEARCH_USER_PATHS = NO;
				CLANG_ANALYZER_NONNULL = YES;
				CLANG_ANALYZER_NUMBER_OBJECT_CONVERSION = YES_AGGRESSIVE;
				CLANG_CXX_LANGUAGE_STANDARD = "gnu++14";
				CLANG_CXX_LIBRARY = "libc++";
				CLANG_ENABLE_MODULES = YES;
				CLANG_ENABLE_OBJC_ARC = YES;
				CLANG_ENABLE_OBJC_WEAK = YES;
				CLANG_WARN_BLOCK_CAPTURE_AUTORELEASING = YES;
				CLANG_WARN_BOOL_CONVERSION = YES;
				CLANG_WARN_COMMA = YES;
				CLANG_WARN_CONSTANT_CONVERSION = YES;
				CLANG_WARN_DEPRECATED_OBJC_IMPLEMENTATIONS = YES;
				CLANG_WARN_DIRECT_OBJC_ISA_USAGE = YES_ERROR;
				CLANG_WARN_DOCUMENTATION_COMMENTS = YES;
				CLANG_WARN_EMPTY_BODY = YES;
				CLANG_WARN_ENUM_CONVERSION = YES;
				CLANG_WARN_INFINITE_RECURSION = YES;
				CLANG_WARN_INT_CONVERSION = YES;
				CLANG_WARN_NON_LITERAL_NULL_CONVERSION = YES;
				CLANG_WARN_OBJC_IMPLICIT_RETAIN_SELF = YES;
				CLANG_WARN_OBJC_LITERAL_CONVERSION = YES;
				CLANG_WARN_OBJC_ROOT_CLASS = YES_ERROR;
				CLANG_WARN_QUOTED_INCLUDE_IN_FRAMEWORK_HEADER = YES;
				CLANG_WARN_RANGE_LOOP_ANALYSIS = YES;
				CLANG_WARN_STRICT_PROTOTYPES = YES;
				CLANG_WARN_SUSPICIOUS_MOVE = YES;
				CLANG_WARN_UNGUARDED_AVAILABILITY = YES_AGGRESSIVE;
				CLANG_WARN_UNREACHABLE_CODE = YES;
				CLANG_WARN__DUPLICATE_METHOD_MATCH = YES;
				COPY_PHASE_STRIP = NO;
				DEBUG_INFORMATION_FORMAT = dwarf;
				ENABLE_STRICT_OBJC_MSGSEND = YES;
				ENABLE_TESTABILITY = YES;
				GCC_C_LANGUAGE_STANDARD = gnu11;
				GCC_DYNAMIC_NO_PIC = NO;
				GCC_NO_COMMON_BLOCKS = YES;
				GCC_OPTIMIZATION_LEVEL = 0;
				GCC_PREPROCESSOR_DEFINITIONS = (
					"DEBUG=1",
					"$(inherited)",
				);
				GCC_WARN_64_TO_32_BIT_CONVERSION = YES;
				GCC_WARN_ABOUT_RETURN_TYPE = YES_ERROR;
				GCC_WARN_UNDECLARED_SELECTOR = YES;
				GCC_WARN_UNINITIALIZED_AUTOS = YES_AGGRESSIVE;
				GCC_WARN_UNUSED_FUNCTION = YES;
				GCC_WARN_UNUSED_VARIABLE = YES;
				IPHONEOS_DEPLOYMENT_TARGET = 14.2;
				MTL_ENABLE_DEBUG_INFO = INCLUDE_SOURCE;
				MTL_FAST_MATH = YES;
				ONLY_ACTIVE_ARCH = YES;
				SDKROOT = iphoneos;
				SWIFT_ACTIVE_COMPILATION_CONDITIONS = DEBUG;
				SWIFT_OPTIMIZATION_LEVEL = "-Onone";
			};
			name = Debug;
		};
		F453980A270670F80088ACCD /* Release */ = {
			isa = XCBuildConfiguration;
			buildSettings = {
				ALWAYS_SEARCH_USER_PATHS = NO;
				CLANG_ANALYZER_NONNULL = YES;
				CLANG_ANALYZER_NUMBER_OBJECT_CONVERSION = YES_AGGRESSIVE;
				CLANG_CXX_LANGUAGE_STANDARD = "gnu++14";
				CLANG_CXX_LIBRARY = "libc++";
				CLANG_ENABLE_MODULES = YES;
				CLANG_ENABLE_OBJC_ARC = YES;
				CLANG_ENABLE_OBJC_WEAK = YES;
				CLANG_WARN_BLOCK_CAPTURE_AUTORELEASING = YES;
				CLANG_WARN_BOOL_CONVERSION = YES;
				CLANG_WARN_COMMA = YES;
				CLANG_WARN_CONSTANT_CONVERSION = YES;
				CLANG_WARN_DEPRECATED_OBJC_IMPLEMENTATIONS = YES;
				CLANG_WARN_DIRECT_OBJC_ISA_USAGE = YES_ERROR;
				CLANG_WARN_DOCUMENTATION_COMMENTS = YES;
				CLANG_WARN_EMPTY_BODY = YES;
				CLANG_WARN_ENUM_CONVERSION = YES;
				CLANG_WARN_INFINITE_RECURSION = YES;
				CLANG_WARN_INT_CONVERSION = YES;
				CLANG_WARN_NON_LITERAL_NULL_CONVERSION = YES;
				CLANG_WARN_OBJC_IMPLICIT_RETAIN_SELF = YES;
				CLANG_WARN_OBJC_LITERAL_CONVERSION = YES;
				CLANG_WARN_OBJC_ROOT_CLASS = YES_ERROR;
				CLANG_WARN_QUOTED_INCLUDE_IN_FRAMEWORK_HEADER = YES;
				CLANG_WARN_RANGE_LOOP_ANALYSIS = YES;
				CLANG_WARN_STRICT_PROTOTYPES = YES;
				CLANG_WARN_SUSPICIOUS_MOVE = YES;
				CLANG_WARN_UNGUARDED_AVAILABILITY = YES_AGGRESSIVE;
				CLANG_WARN_UNREACHABLE_CODE = YES;
				CLANG_WARN__DUPLICATE_METHOD_MATCH = YES;
				COPY_PHASE_STRIP = NO;
				DEBUG_INFORMATION_FORMAT = "dwarf-with-dsym";
				ENABLE_NS_ASSERTIONS = NO;
				ENABLE_STRICT_OBJC_MSGSEND = YES;
				GCC_C_LANGUAGE_STANDARD = gnu11;
				GCC_NO_COMMON_BLOCKS = YES;
				GCC_WARN_64_TO_32_BIT_CONVERSION = YES;
				GCC_WARN_ABOUT_RETURN_TYPE = YES_ERROR;
				GCC_WARN_UNDECLARED_SELECTOR = YES;
				GCC_WARN_UNINITIALIZED_AUTOS = YES_AGGRESSIVE;
				GCC_WARN_UNUSED_FUNCTION = YES;
				GCC_WARN_UNUSED_VARIABLE = YES;
				IPHONEOS_DEPLOYMENT_TARGET = 14.2;
				MTL_ENABLE_DEBUG_INFO = NO;
				MTL_FAST_MATH = YES;
				SDKROOT = iphoneos;
				SWIFT_COMPILATION_MODE = wholemodule;
				SWIFT_OPTIMIZATION_LEVEL = "-O";
				VALIDATE_PRODUCT = YES;
			};
			name = Release;
		};
		F453980C270670F80088ACCD /* Debug */ = {
			isa = XCBuildConfiguration;
			baseConfigurationReference = 77E688960E2D2DDDEE72B15B /* Pods-Feed.debug.xcconfig */;
			buildSettings = {
				ASSETCATALOG_COMPILER_APPICON_NAME = AppIcon;
				ASSETCATALOG_COMPILER_GLOBAL_ACCENT_COLOR_NAME = AccentColor;
				CODE_SIGN_STYLE = Automatic;
				INFOPLIST_FILE = Feed/Resources/Info.plist;
				IPHONEOS_DEPLOYMENT_TARGET = 12.0;
				LD_RUNPATH_SEARCH_PATHS = (
					"$(inherited)",
					"@executable_path/Frameworks",
				);
				PRODUCT_BUNDLE_IDENTIFIER = br.com.usemobile.Feed;
				PRODUCT_NAME = "$(TARGET_NAME)";
				SWIFT_VERSION = 5.0;
				TARGETED_DEVICE_FAMILY = 1;
			};
			name = Debug;
		};
		F453980D270670F80088ACCD /* Release */ = {
			isa = XCBuildConfiguration;
			baseConfigurationReference = CE51D86919D49B308DA88BA7 /* Pods-Feed.release.xcconfig */;
			buildSettings = {
				ASSETCATALOG_COMPILER_APPICON_NAME = AppIcon;
				ASSETCATALOG_COMPILER_GLOBAL_ACCENT_COLOR_NAME = AccentColor;
				CODE_SIGN_STYLE = Automatic;
				INFOPLIST_FILE = Feed/Resources/Info.plist;
				IPHONEOS_DEPLOYMENT_TARGET = 12.0;
				LD_RUNPATH_SEARCH_PATHS = (
					"$(inherited)",
					"@executable_path/Frameworks",
				);
				PRODUCT_BUNDLE_IDENTIFIER = br.com.usemobile.Feed;
				PRODUCT_NAME = "$(TARGET_NAME)";
				SWIFT_VERSION = 5.0;
				TARGETED_DEVICE_FAMILY = 1;
			};
			name = Release;
		};
/* End XCBuildConfiguration section */

/* Begin XCConfigurationList section */
		F45397F2270670F40088ACCD /* Build configuration list for PBXProject "Feed" */ = {
			isa = XCConfigurationList;
			buildConfigurations = (
				F4539809270670F80088ACCD /* Debug */,
				F453980A270670F80088ACCD /* Release */,
			);
			defaultConfigurationIsVisible = 0;
			defaultConfigurationName = Release;
		};
		F453980B270670F80088ACCD /* Build configuration list for PBXNativeTarget "Feed" */ = {
			isa = XCConfigurationList;
			buildConfigurations = (
				F453980C270670F80088ACCD /* Debug */,
				F453980D270670F80088ACCD /* Release */,
			);
			defaultConfigurationIsVisible = 0;
			defaultConfigurationName = Release;
		};
/* End XCConfigurationList section */
	};
	rootObject = F45397EF270670F40088ACCD /* Project object */;
}
