// !$*UTF8*$!
{
	archiveVersion = 1;
	classes = {
	};
	objectVersion = 54;
	objects = {

/* Begin PBXBuildFile section */
		470D160F776347877CE565EB /* Pods_Feed.framework in Frameworks */ = {isa = PBXBuildFile; fileRef = A29812B3A670C01A10A0CA6A /* Pods_Feed.framework */; };
		9004153F2E8D928500C6B5A4 /* Extension+UIViewController.swift in Sources */ = {isa = PBXBuildFile; fileRef = 9004153E2E8D927D00C6B5A4 /* Extension+UIViewController.swift */; };
		900E22952E9573B000A57AEA /* FeedViewModel.swift in Sources */ = {isa = PBXBuildFile; fileRef = 900E22942E9573AB00A57AEA /* FeedViewModel.swift */; };
		900E22992E957CA500A57AEA /* FeedService.swift in Sources */ = {isa = PBXBuildFile; fileRef = 900E22982E957CA100A57AEA /* FeedService.swift */; };
		900E229E2E97063600A57AEA /* ProgressView.swift in Sources */ = {isa = PBXBuildFile; fileRef = 900E229D2E97063000A57AEA /* ProgressView.swift */; };
		901BEF8127071EE300B822D3 /* SignUpViewController.swift in Sources */ = {isa = PBXBuildFile; fileRef = 901BEF7F27071EE300B822D3 /* SignUpViewController.swift */; };
		901BEF8227071EE300B822D3 /* SignUpViewController.xib in Resources */ = {isa = PBXBuildFile; fileRef = 901BEF8027071EE300B822D3 /* SignUpViewController.xib */; };
		901BEF842707442800B822D3 /* FirebaseAuthManager.swift in Sources */ = {isa = PBXBuildFile; fileRef = 901BEF832707442800B822D3 /* FirebaseAuthManager.swift */; };
		901BEF862707446400B822D3 /* UserSession.swift in Sources */ = {isa = PBXBuildFile; fileRef = 901BEF852707446400B822D3 /* UserSession.swift */; };
		901BEF8E270751DF00B822D3 /* ProfileViewController.swift in Sources */ = {isa = PBXBuildFile; fileRef = 901BEF8C270751DF00B822D3 /* ProfileViewController.swift */; };
		901BEF8F270751DF00B822D3 /* ProfileViewController.xib in Resources */ = {isa = PBXBuildFile; fileRef = 901BEF8D270751DF00B822D3 /* ProfileViewController.xib */; };
		901BEF942707B31A00B822D3 /* HomeTabViewController.swift in Sources */ = {isa = PBXBuildFile; fileRef = 901BEF922707B31A00B822D3 /* HomeTabViewController.swift */; };
		901BEF952707B31A00B822D3 /* HomeTabViewController.xib in Resources */ = {isa = PBXBuildFile; fileRef = 901BEF932707B31A00B822D3 /* HomeTabViewController.xib */; };
		901BEF9A2707C68200B822D3 /* FeedViewController.swift in Sources */ = {isa = PBXBuildFile; fileRef = 901BEF982707C68200B822D3 /* FeedViewController.swift */; };
		901BEF9F2707C7BF00B822D3 /* FeedTableViewCell.swift in Sources */ = {isa = PBXBuildFile; fileRef = 901BEF9D2707C7BF00B822D3 /* FeedTableViewCell.swift */; };
		901BEFA32707E04800B822D3 /* PostModel.swift in Sources */ = {isa = PBXBuildFile; fileRef = 901BEFA22707E04800B822D3 /* PostModel.swift */; };
		90321E902E8ED6F500AA9E4D /* Comments.swift in Sources */ = {isa = PBXBuildFile; fileRef = 90321E8F2E8ED6F000AA9E4D /* Comments.swift */; };
		9063FCE32E848B9000558C0B /* GoogleService-Info.plist in Resources */ = {isa = PBXBuildFile; fileRef = 9063FCE22E848B9000558C0B /* GoogleService-Info.plist */; };
		9063FCE52E85AE9900558C0B /* AssetsManager.swift in Sources */ = {isa = PBXBuildFile; fileRef = 9063FCE42E85AE8D00558C0B /* AssetsManager.swift */; };
		9063FCE82E87082400558C0B /* UserModel.swift in Sources */ = {isa = PBXBuildFile; fileRef = 9063FCE72E87081E00558C0B /* UserModel.swift */; };
		909A58E32E9EAD59005B08A3 /* SubjectModel.swift in Sources */ = {isa = PBXBuildFile; fileRef = 909A58E22E9EAD59005B08A3 /* SubjectModel.swift */; };
		909A58E62E9EC73D005B08A3 /* ProfileViewModel.swift in Sources */ = {isa = PBXBuildFile; fileRef = 909A58E52E9EC73D005B08A3 /* ProfileViewModel.swift */; };
		90D9799A270D10D0008CEB0C /* Extension+Date.swift in Sources */ = {isa = PBXBuildFile; fileRef = 90D97999270D10D0008CEB0C /* Extension+Date.swift */; };
		90D9799C270D1329008CEB0C /* Extension+String.swift in Sources */ = {isa = PBXBuildFile; fileRef = 90D9799B270D1328008CEB0C /* Extension+String.swift */; };
		F40044602706969400B910F2 /* SignInViewController.swift in Sources */ = {isa = PBXBuildFile; fileRef = F400445E2706969400B910F2 /* SignInViewController.swift */; };
		F40044612706969400B910F2 /* SignInViewController.xib in Resources */ = {isa = PBXBuildFile; fileRef = F400445F2706969400B910F2 /* SignInViewController.xib */; };
		F43D03732707C6A9005A536B /* NewPostViewController.swift in Sources */ = {isa = PBXBuildFile; fileRef = F43D03712707C6A9005A536B /* NewPostViewController.swift */; };
		F43D03742707C6A9005A536B /* NewPostViewController.xib in Resources */ = {isa = PBXBuildFile; fileRef = F43D03722707C6A9005A536B /* NewPostViewController.xib */; };
		F45397FB270670F40088ACCD /* AppDelegate.swift in Sources */ = {isa = PBXBuildFile; fileRef = F45397FA270670F40088ACCD /* AppDelegate.swift */; };
		F4539804270670F80088ACCD /* Assets.xcassets in Resources */ = {isa = PBXBuildFile; fileRef = F4539803270670F80088ACCD /* Assets.xcassets */; };
		F4539807270670F80088ACCD /* LaunchScreen.storyboard in Resources */ = {isa = PBXBuildFile; fileRef = F4539805270670F80088ACCD /* LaunchScreen.storyboard */; };
/* End PBXBuildFile section */

/* Begin PBXFileReference section */
		9004153E2E8D927D00C6B5A4 /* Extension+UIViewController.swift */ = {isa = PBXFileReference; lastKnownFileType = sourcecode.swift; path = "Extension+UIViewController.swift"; sourceTree = "<group>"; };
		900E22942E9573AB00A57AEA /* FeedViewModel.swift */ = {isa = PBXFileReference; lastKnownFileType = sourcecode.swift; path = FeedViewModel.swift; sourceTree = "<group>"; };
		900E22982E957CA100A57AEA /* FeedService.swift */ = {isa = PBXFileReference; lastKnownFileType = sourcecode.swift; path = FeedService.swift; sourceTree = "<group>"; };
		900E229D2E97063000A57AEA /* ProgressView.swift */ = {isa = PBXFileReference; lastKnownFileType = sourcecode.swift; path = ProgressView.swift; sourceTree = "<group>"; };
		901BEF7F27071EE300B822D3 /* SignUpViewController.swift */ = {isa = PBXFileReference; lastKnownFileType = sourcecode.swift; path = SignUpViewController.swift; sourceTree = "<group>"; };
		901BEF8027071EE300B822D3 /* SignUpViewController.xib */ = {isa = PBXFileReference; lastKnownFileType = file.xib; path = SignUpViewController.xib; sourceTree = "<group>"; };
		901BEF832707442800B822D3 /* FirebaseAuthManager.swift */ = {isa = PBXFileReference; lastKnownFileType = sourcecode.swift; path = FirebaseAuthManager.swift; sourceTree = "<group>"; };
		901BEF852707446400B822D3 /* UserSession.swift */ = {isa = PBXFileReference; lastKnownFileType = sourcecode.swift; path = UserSession.swift; sourceTree = "<group>"; };
		901BEF8C270751DF00B822D3 /* ProfileViewController.swift */ = {isa = PBXFileReference; lastKnownFileType = sourcecode.swift; path = ProfileViewController.swift; sourceTree = "<group>"; };
		901BEF8D270751DF00B822D3 /* ProfileViewController.xib */ = {isa = PBXFileReference; lastKnownFileType = file.xib; path = ProfileViewController.xib; sourceTree = "<group>"; };
		901BEF922707B31A00B822D3 /* HomeTabViewController.swift */ = {isa = PBXFileReference; lastKnownFileType = sourcecode.swift; path = HomeTabViewController.swift; sourceTree = "<group>"; };
		901BEF932707B31A00B822D3 /* HomeTabViewController.xib */ = {isa = PBXFileReference; lastKnownFileType = file.xib; path = HomeTabViewController.xib; sourceTree = "<group>"; };
		901BEF982707C68200B822D3 /* FeedViewController.swift */ = {isa = PBXFileReference; lastKnownFileType = sourcecode.swift; path = FeedViewController.swift; sourceTree = "<group>"; };
		901BEF9D2707C7BF00B822D3 /* FeedTableViewCell.swift */ = {isa = PBXFileReference; lastKnownFileType = sourcecode.swift; path = FeedTableViewCell.swift; sourceTree = "<group>"; };
		901BEFA22707E04800B822D3 /* PostModel.swift */ = {isa = PBXFileReference; lastKnownFileType = sourcecode.swift; path = PostModel.swift; sourceTree = "<group>"; };
		90321E8F2E8ED6F000AA9E4D /* Comments.swift */ = {isa = PBXFileReference; lastKnownFileType = sourcecode.swift; path = Comments.swift; sourceTree = "<group>"; };
		9063FCE22E848B9000558C0B /* GoogleService-Info.plist */ = {isa = PBXFileReference; lastKnownFileType = text.plist.xml; path = "GoogleService-Info.plist"; sourceTree = "<group>"; };
		9063FCE42E85AE8D00558C0B /* AssetsManager.swift */ = {isa = PBXFileReference; lastKnownFileType = sourcecode.swift; path = AssetsManager.swift; sourceTree = "<group>"; };
		9063FCE72E87081E00558C0B /* UserModel.swift */ = {isa = PBXFileReference; lastKnownFileType = sourcecode.swift; path = UserModel.swift; sourceTree = "<group>"; };
		909A58E22E9EAD59005B08A3 /* SubjectModel.swift */ = {isa = PBXFileReference; lastKnownFileType = sourcecode.swift; path = SubjectModel.swift; sourceTree = "<group>"; };
		909A58E52E9EC73D005B08A3 /* ProfileViewModel.swift */ = {isa = PBXFileReference; lastKnownFileType = sourcecode.swift; path = ProfileViewModel.swift; sourceTree = "<group>"; };
		90D97999270D10D0008CEB0C /* Extension+Date.swift */ = {isa = PBXFileReference; lastKnownFileType = sourcecode.swift; path = "Extension+Date.swift"; sourceTree = "<group>"; };
		90D9799B270D1328008CEB0C /* Extension+String.swift */ = {isa = PBXFileReference; lastKnownFileType = sourcecode.swift; path = "Extension+String.swift"; sourceTree = "<group>"; };
		9475A1F7319B8064837D8BDC /* Pods-Feed.release.xcconfig */ = {isa = PBXFileReference; includeInIndex = 1; lastKnownFileType = text.xcconfig; name = "Pods-Feed.release.xcconfig"; path = "Target Support Files/Pods-Feed/Pods-Feed.release.xcconfig"; sourceTree = "<group>"; };
		A29812B3A670C01A10A0CA6A /* Pods_Feed.framework */ = {isa = PBXFileReference; explicitFileType = wrapper.framework; includeInIndex = 0; path = Pods_Feed.framework; sourceTree = BUILT_PRODUCTS_DIR; };
		E3DE6571BEF787760B6622F5 /* Pods-Feed.debug.xcconfig */ = {isa = PBXFileReference; includeInIndex = 1; lastKnownFileType = text.xcconfig; name = "Pods-Feed.debug.xcconfig"; path = "Target Support Files/Pods-Feed/Pods-Feed.debug.xcconfig"; sourceTree = "<group>"; };
		F400445E2706969400B910F2 /* SignInViewController.swift */ = {isa = PBXFileReference; lastKnownFileType = sourcecode.swift; path = SignInViewController.swift; sourceTree = "<group>"; };
		F400445F2706969400B910F2 /* SignInViewController.xib */ = {isa = PBXFileReference; lastKnownFileType = file.xib; path = SignInViewController.xib; sourceTree = "<group>"; };
		F43D03712707C6A9005A536B /* NewPostViewController.swift */ = {isa = PBXFileReference; lastKnownFileType = sourcecode.swift; path = NewPostViewController.swift; sourceTree = "<group>"; };
		F43D03722707C6A9005A536B /* NewPostViewController.xib */ = {isa = PBXFileReference; lastKnownFileType = file.xib; path = NewPostViewController.xib; sourceTree = "<group>"; };
		F45397F7270670F40088ACCD /* Feed.app */ = {isa = PBXFileReference; explicitFileType = wrapper.application; includeInIndex = 0; path = Feed.app; sourceTree = BUILT_PRODUCTS_DIR; };
		F45397FA270670F40088ACCD /* AppDelegate.swift */ = {isa = PBXFileReference; lastKnownFileType = sourcecode.swift; path = AppDelegate.swift; sourceTree = "<group>"; };
		F4539803270670F80088ACCD /* Assets.xcassets */ = {isa = PBXFileReference; lastKnownFileType = folder.assetcatalog; path = Assets.xcassets; sourceTree = "<group>"; };
		F4539806270670F80088ACCD /* Base */ = {isa = PBXFileReference; lastKnownFileType = file.storyboard; name = Base; path = Base.lproj/LaunchScreen.storyboard; sourceTree = "<group>"; };
		F4539808270670F80088ACCD /* Info.plist */ = {isa = PBXFileReference; lastKnownFileType = text.plist.xml; path = Info.plist; sourceTree = "<group>"; };
/* End PBXFileReference section */

/* Begin PBXFrameworksBuildPhase section */
		F45397F4270670F40088ACCD /* Frameworks */ = {
			isa = PBXFrameworksBuildPhase;
			buildActionMask = 2147483647;
			files = (
				470D160F776347877CE565EB /* Pods_Feed.framework in Frameworks */,
			);
			runOnlyForDeploymentPostprocessing = 0;
		};
/* End PBXFrameworksBuildPhase section */

/* Begin PBXGroup section */
		2D2D7CCE0153152DACA708B8 /* Frameworks */ = {
			isa = PBXGroup;
			children = (
				A29812B3A670C01A10A0CA6A /* Pods_Feed.framework */,
			);
			name = Frameworks;
			sourceTree = "<group>";
		};
		58CE48F20C4ACD783009F4BB /* Pods */ = {
			isa = PBXGroup;
			children = (
				E3DE6571BEF787760B6622F5 /* Pods-Feed.debug.xcconfig */,
				9475A1F7319B8064837D8BDC /* Pods-Feed.release.xcconfig */,
			);
			path = Pods;
			sourceTree = "<group>";
		};
		900E229C2E97061E00A57AEA /* Commom Scenes */ = {
			isa = PBXGroup;
			children = (
				900E229D2E97063000A57AEA /* ProgressView.swift */,
			);
			path = "Commom Scenes";
			sourceTree = "<group>";
		};
		901BEF7E27071CEF00B822D3 /* SignUp */ = {
			isa = PBXGroup;
			children = (
				901BEF7F27071EE300B822D3 /* SignUpViewController.swift */,
				901BEF8027071EE300B822D3 /* SignUpViewController.xib */,
			);
			path = SignUp;
			sourceTree = "<group>";
		};
		901BEF8727074F0100B822D3 /* Home */ = {
			isa = PBXGroup;
			children = (
				901BEF922707B31A00B822D3 /* HomeTabViewController.swift */,
				901BEF932707B31A00B822D3 /* HomeTabViewController.xib */,
				F43D03702707C677005A536B /* NewPost */,
				901BEF972707C65900B822D3 /* Feed */,
				901BEF962707B33C00B822D3 /* Perfil */,
			);
			path = Home;
			sourceTree = "<group>";
		};
		901BEF962707B33C00B822D3 /* Perfil */ = {
			isa = PBXGroup;
			children = (
				909A58E42E9EB383005B08A3 /* Model */,
				901BEF8C270751DF00B822D3 /* ProfileViewController.swift */,
				901BEF8D270751DF00B822D3 /* ProfileViewController.xib */,
				909A58E52E9EC73D005B08A3 /* ProfileViewModel.swift */,
			);
			path = Perfil;
			sourceTree = "<group>";
		};
		901BEF972707C65900B822D3 /* Feed */ = {
			isa = PBXGroup;
			children = (
				901BEFA12707E02A00B822D3 /* Model */,
				900E22982E957CA100A57AEA /* FeedService.swift */,
				900E22942E9573AB00A57AEA /* FeedViewModel.swift */,
				901BEF982707C68200B822D3 /* FeedViewController.swift */,
				901BEF9C2707C79400B822D3 /* CellFeed */,
			);
			path = Feed;
			sourceTree = "<group>";
		};
		901BEF9C2707C79400B822D3 /* CellFeed */ = {
			isa = PBXGroup;
			children = (
				901BEF9D2707C7BF00B822D3 /* FeedTableViewCell.swift */,
			);
			path = CellFeed;
			sourceTree = "<group>";
		};
		901BEFA12707E02A00B822D3 /* Model */ = {
			isa = PBXGroup;
			children = (
				90321E8F2E8ED6F000AA9E4D /* Comments.swift */,
				901BEFA22707E04800B822D3 /* PostModel.swift */,
			);
			path = Model;
			sourceTree = "<group>";
		};
		903BC9BF2706870E00A4DE91 /* Resources */ = {
			isa = PBXGroup;
			children = (
				9063FCE42E85AE8D00558C0B /* AssetsManager.swift */,
				F4539808270670F80088ACCD /* Info.plist */,
				9063FCE22E848B9000558C0B /* GoogleService-Info.plist */,
				F4539805270670F80088ACCD /* LaunchScreen.storyboard */,
				F4539803270670F80088ACCD /* Assets.xcassets */,
			);
			path = Resources;
			sourceTree = "<group>";
		};
		903BC9C02706874B00A4DE91 /* Sources */ = {
			isa = PBXGroup;
			children = (
				9063FCE72E87081E00558C0B /* UserModel.swift */,
				901BEF852707446400B822D3 /* UserSession.swift */,
				F45397FA270670F40088ACCD /* AppDelegate.swift */,
				901BEF832707442800B822D3 /* FirebaseAuthManager.swift */,
			);
			path = Sources;
			sourceTree = "<group>";
		};
		903BC9C12706875100A4DE91 /* Scenes */ = {
			isa = PBXGroup;
			children = (
				901BEF8727074F0100B822D3 /* Home */,
				F400445B2706964600B910F2 /* Login */,
			);
			path = Scenes;
			sourceTree = "<group>";
		};
		909A58E42E9EB383005B08A3 /* Model */ = {
			isa = PBXGroup;
			children = (
				909A58E22E9EAD59005B08A3 /* SubjectModel.swift */,
			);
			path = Model;
			sourceTree = "<group>";
		};
		90D97997270D0FE2008CEB0C /* Commons */ = {
			isa = PBXGroup;
			children = (
				900E229C2E97061E00A57AEA /* Commom Scenes */,
				90D97998270D102F008CEB0C /* Extensions */,
			);
			path = Commons;
			sourceTree = "<group>";
		};
		90D97998270D102F008CEB0C /* Extensions */ = {
			isa = PBXGroup;
			children = (
				9004153E2E8D927D00C6B5A4 /* Extension+UIViewController.swift */,
				90D97999270D10D0008CEB0C /* Extension+Date.swift */,
				90D9799B270D1328008CEB0C /* Extension+String.swift */,
			);
			path = Extensions;
			sourceTree = "<group>";
		};
		F400445B2706964600B910F2 /* Login */ = {
			isa = PBXGroup;
			children = (
				901BEF7E27071CEF00B822D3 /* SignUp */,
				F400445C2706964F00B910F2 /* SignIn */,
			);
			path = Login;
			sourceTree = "<group>";
		};
		F400445C2706964F00B910F2 /* SignIn */ = {
			isa = PBXGroup;
			children = (
				F400445E2706969400B910F2 /* SignInViewController.swift */,
				F400445F2706969400B910F2 /* SignInViewController.xib */,
			);
			path = SignIn;
			sourceTree = "<group>";
		};
		F43D03702707C677005A536B /* NewPost */ = {
			isa = PBXGroup;
			children = (
				F43D03712707C6A9005A536B /* NewPostViewController.swift */,
				F43D03722707C6A9005A536B /* NewPostViewController.xib */,
			);
			path = NewPost;
			sourceTree = "<group>";
		};
		F45397EE270670F40088ACCD = {
			isa = PBXGroup;
			children = (
				F45397F9270670F40088ACCD /* Feed */,
				F45397F8270670F40088ACCD /* Products */,
				58CE48F20C4ACD783009F4BB /* Pods */,
				2D2D7CCE0153152DACA708B8 /* Frameworks */,
			);
			sourceTree = "<group>";
		};
		F45397F8270670F40088ACCD /* Products */ = {
			isa = PBXGroup;
			children = (
				F45397F7270670F40088ACCD /* Feed.app */,
			);
			name = Products;
			sourceTree = "<group>";
		};
		F45397F9270670F40088ACCD /* Feed */ = {
			isa = PBXGroup;
			children = (
				90D97997270D0FE2008CEB0C /* Commons */,
				903BC9C02706874B00A4DE91 /* Sources */,
				903BC9C12706875100A4DE91 /* Scenes */,
				903BC9BF2706870E00A4DE91 /* Resources */,
			);
			path = Feed;
			sourceTree = "<group>";
		};
/* End PBXGroup section */

/* Begin PBXNativeTarget section */
		F45397F6270670F40088ACCD /* Feed */ = {
			isa = PBXNativeTarget;
			buildConfigurationList = F453980B270670F80088ACCD /* Build configuration list for PBXNativeTarget "Feed" */;
			buildPhases = (
				352B7A806B8DB48C08373A54 /* [CP] Check Pods Manifest.lock */,
				F45397F3270670F40088ACCD /* Sources */,
				F45397F4270670F40088ACCD /* Frameworks */,
				F45397F5270670F40088ACCD /* Resources */,
				FF683B737A84D0EFEEBBA952 /* [CP] Embed Pods Frameworks */,
			);
			buildRules = (
			);
			dependencies = (
			);
			name = Feed;
			productName = Feed;
			productReference = F45397F7270670F40088ACCD /* Feed.app */;
			productType = "com.apple.product-type.application";
		};
/* End PBXNativeTarget section */

/* Begin PBXProject section */
		F45397EF270670F40088ACCD /* Project object */ = {
			isa = PBXProject;
			attributes = {
				LastSwiftUpdateCheck = 1220;
				LastUpgradeCheck = 1220;
				TargetAttributes = {
					F45397F6270670F40088ACCD = {
						CreatedOnToolsVersion = 12.2;
					};
				};
			};
			buildConfigurationList = F45397F2270670F40088ACCD /* Build configuration list for PBXProject "Feed" */;
			compatibilityVersion = "Xcode 9.3";
			developmentRegion = en;
			hasScannedForEncodings = 0;
			knownRegions = (
				en,
				Base,
			);
			mainGroup = F45397EE270670F40088ACCD;
			productRefGroup = F45397F8270670F40088ACCD /* Products */;
			projectDirPath = "";
			projectRoot = "";
			targets = (
				F45397F6270670F40088ACCD /* Feed */,
			);
		};
/* End PBXProject section */

/* Begin PBXResourcesBuildPhase section */
		F45397F5270670F40088ACCD /* Resources */ = {
			isa = PBXResourcesBuildPhase;
			buildActionMask = 2147483647;
			files = (
				901BEF8227071EE300B822D3 /* SignUpViewController.xib in Resources */,
				F43D03742707C6A9005A536B /* NewPostViewController.xib in Resources */,
				F40044612706969400B910F2 /* SignInViewController.xib in Resources */,
				901BEF952707B31A00B822D3 /* HomeTabViewController.xib in Resources */,
				F4539807270670F80088ACCD /* LaunchScreen.storyboard in Resources */,
				9063FCE32E848B9000558C0B /* GoogleService-Info.plist in Resources */,
				F4539804270670F80088ACCD /* Assets.xcassets in Resources */,
				901BEF8F270751DF00B822D3 /* ProfileViewController.xib in Resources */,
			);
			runOnlyForDeploymentPostprocessing = 0;
		};
/* End PBXResourcesBuildPhase section */

/* Begin PBXShellScriptBuildPhase section */
		352B7A806B8DB48C08373A54 /* [CP] Check Pods Manifest.lock */ = {
			isa = PBXShellScriptBuildPhase;
			buildActionMask = 2147483647;
			files = (
			);
			inputFileListPaths = (
			);
			inputPaths = (
				"${PODS_PODFILE_DIR_PATH}/Podfile.lock",
				"${PODS_ROOT}/Manifest.lock",
			);
			name = "[CP] Check Pods Manifest.lock";
			outputFileListPaths = (
			);
			outputPaths = (
				"$(DERIVED_FILE_DIR)/Pods-Feed-checkManifestLockResult.txt",
			);
			runOnlyForDeploymentPostprocessing = 0;
			shellPath = /bin/sh;
			shellScript = "diff \"${PODS_PODFILE_DIR_PATH}/Podfile.lock\" \"${PODS_ROOT}/Manifest.lock\" > /dev/null\nif [ $? != 0 ] ; then\n    # print error to STDERR\n    echo \"error: The sandbox is not in sync with the Podfile.lock. Run 'pod install' or update your CocoaPods installation.\" >&2\n    exit 1\nfi\n# This output is used by Xcode 'outputs' to avoid re-running this script phase.\necho \"SUCCESS\" > \"${SCRIPT_OUTPUT_FILE_0}\"\n";
			showEnvVarsInLog = 0;
		};
		FF683B737A84D0EFEEBBA952 /* [CP] Embed Pods Frameworks */ = {
			isa = PBXShellScriptBuildPhase;
			buildActionMask = 2147483647;
			files = (
			);
			inputFileListPaths = (
				"${PODS_ROOT}/Target Support Files/Pods-Feed/Pods-Feed-frameworks-${CONFIGURATION}-input-files.xcfilelist",
			);
			inputPaths = (
			);
			name = "[CP] Embed Pods Frameworks";
			outputFileListPaths = (
				"${PODS_ROOT}/Target Support Files/Pods-Feed/Pods-Feed-frameworks-${CONFIGURATION}-output-files.xcfilelist",
			);
			outputPaths = (
			);
			runOnlyForDeploymentPostprocessing = 0;
			shellPath = /bin/sh;
			shellScript = "\"${PODS_ROOT}/Target Support Files/Pods-Feed/Pods-Feed-frameworks.sh\"\n";
			showEnvVarsInLog = 0;
		};
/* End PBXShellScriptBuildPhase section */

/* Begin PBXSourcesBuildPhase section */
		F45397F3270670F40088ACCD /* Sources */ = {
			isa = PBXSourcesBuildPhase;
			buildActionMask = 2147483647;
			files = (
				9004153F2E8D928500C6B5A4 /* Extension+UIViewController.swift in Sources */,
				901BEF8127071EE300B822D3 /* SignUpViewController.swift in Sources */,
				901BEF9A2707C68200B822D3 /* FeedViewController.swift in Sources */,
				901BEF862707446400B822D3 /* UserSession.swift in Sources */,
				F40044602706969400B910F2 /* SignInViewController.swift in Sources */,
				901BEF842707442800B822D3 /* FirebaseAuthManager.swift in Sources */,
				F45397FB270670F40088ACCD /* AppDelegate.swift in Sources */,
				F43D03732707C6A9005A536B /* NewPostViewController.swift in Sources */,
				900E22952E9573B000A57AEA /* FeedViewModel.swift in Sources */,
				90321E902E8ED6F500AA9E4D /* Comments.swift in Sources */,
				901BEF942707B31A00B822D3 /* HomeTabViewController.swift in Sources */,
				9063FCE52E85AE9900558C0B /* AssetsManager.swift in Sources */,
				90D9799C270D1329008CEB0C /* Extension+String.swift in Sources */,
				901BEF8E270751DF00B822D3 /* ProfileViewController.swift in Sources */,
				909A58E32E9EAD59005B08A3 /* SubjectModel.swift in Sources */,
				901BEF9F2707C7BF00B822D3 /* FeedTableViewCell.swift in Sources */,
				900E22992E957CA500A57AEA /* FeedService.swift in Sources */,
				901BEFA32707E04800B822D3 /* PostModel.swift in Sources */,
				909A58E62E9EC73D005B08A3 /* ProfileViewModel.swift in Sources */,
				900E229E2E97063600A57AEA /* ProgressView.swift in Sources */,
				9063FCE82E87082400558C0B /* UserModel.swift in Sources */,
				90D9799A270D10D0008CEB0C /* Extension+Date.swift in Sources */,
			);
			runOnlyForDeploymentPostprocessing = 0;
		};
/* End PBXSourcesBuildPhase section */

/* Begin PBXVariantGroup section */
		F4539805270670F80088ACCD /* LaunchScreen.storyboard */ = {
			isa = PBXVariantGroup;
			children = (
				F4539806270670F80088ACCD /* Base */,
			);
			name = LaunchScreen.storyboard;
			sourceTree = "<group>";
		};
/* End PBXVariantGroup section */

/* Begin XCBuildConfiguration section */
		F4539809270670F80088ACCD /* Debug */ = {
			isa = XCBuildConfiguration;
			buildSettings = {
				ALWAYS_SEARCH_USER_PATHS = NO;
				CLANG_ANALYZER_NONNULL = YES;
				CLANG_ANALYZER_NUMBER_OBJECT_CONVERSION = YES_AGGRESSIVE;
				CLANG_CXX_LANGUAGE_STANDARD = "gnu++14";
				CLANG_CXX_LIBRARY = "libc++";
				CLANG_ENABLE_MODULES = YES;
				CLANG_ENABLE_OBJC_ARC = YES;
				CLANG_ENABLE_OBJC_WEAK = YES;
				CLANG_WARN_BLOCK_CAPTURE_AUTORELEASING = YES;
				CLANG_WARN_BOOL_CONVERSION = YES;
				CLANG_WARN_COMMA = YES;
				CLANG_WARN_CONSTANT_CONVERSION = YES;
				CLANG_WARN_DEPRECATED_OBJC_IMPLEMENTATIONS = YES;
				CLANG_WARN_DIRECT_OBJC_ISA_USAGE = YES_ERROR;
				CLANG_WARN_DOCUMENTATION_COMMENTS = YES;
				CLANG_WARN_EMPTY_BODY = YES;
				CLANG_WARN_ENUM_CONVERSION = YES;
				CLANG_WARN_INFINITE_RECURSION = YES;
				CLANG_WARN_INT_CONVERSION = YES;
				CLANG_WARN_NON_LITERAL_NULL_CONVERSION = YES;
				CLANG_WARN_OBJC_IMPLICIT_RETAIN_SELF = YES;
				CLANG_WARN_OBJC_LITERAL_CONVERSION = YES;
				CLANG_WARN_OBJC_ROOT_CLASS = YES_ERROR;
				CLANG_WARN_QUOTED_INCLUDE_IN_FRAMEWORK_HEADER = YES;
				CLANG_WARN_RANGE_LOOP_ANALYSIS = YES;
				CLANG_WARN_STRICT_PROTOTYPES = YES;
				CLANG_WARN_SUSPICIOUS_MOVE = YES;
				CLANG_WARN_UNGUARDED_AVAILABILITY = YES_AGGRESSIVE;
				CLANG_WARN_UNREACHABLE_CODE = YES;
				CLANG_WARN__DUPLICATE_METHOD_MATCH = YES;
				COPY_PHASE_STRIP = NO;
				DEBUG_INFORMATION_FORMAT = dwarf;
				ENABLE_STRICT_OBJC_MSGSEND = YES;
				ENABLE_TESTABILITY = YES;
				GCC_C_LANGUAGE_STANDARD = gnu11;
				GCC_DYNAMIC_NO_PIC = NO;
				GCC_NO_COMMON_BLOCKS = YES;
				GCC_OPTIMIZATION_LEVEL = 0;
				GCC_PREPROCESSOR_DEFINITIONS = (
					"DEBUG=1",
					"$(inherited)",
				);
				GCC_WARN_64_TO_32_BIT_CONVERSION = YES;
				GCC_WARN_ABOUT_RETURN_TYPE = YES_ERROR;
				GCC_WARN_UNDECLARED_SELECTOR = YES;
				GCC_WARN_UNINITIALIZED_AUTOS = YES_AGGRESSIVE;
				GCC_WARN_UNUSED_FUNCTION = YES;
				GCC_WARN_UNUSED_VARIABLE = YES;
				IPHONEOS_DEPLOYMENT_TARGET = 14.2;
				MTL_ENABLE_DEBUG_INFO = INCLUDE_SOURCE;
				MTL_FAST_MATH = YES;
				ONLY_ACTIVE_ARCH = YES;
				SDKROOT = iphoneos;
				SWIFT_ACTIVE_COMPILATION_CONDITIONS = DEBUG;
				SWIFT_OPTIMIZATION_LEVEL = "-Onone";
			};
			name = Debug;
		};
		F453980A270670F80088ACCD /* Release */ = {
			isa = XCBuildConfiguration;
			buildSettings = {
				ALWAYS_SEARCH_USER_PATHS = NO;
				CLANG_ANALYZER_NONNULL = YES;
				CLANG_ANALYZER_NUMBER_OBJECT_CONVERSION = YES_AGGRESSIVE;
				CLANG_CXX_LANGUAGE_STANDARD = "gnu++14";
				CLANG_CXX_LIBRARY = "libc++";
				CLANG_ENABLE_MODULES = YES;
				CLANG_ENABLE_OBJC_ARC = YES;
				CLANG_ENABLE_OBJC_WEAK = YES;
				CLANG_WARN_BLOCK_CAPTURE_AUTORELEASING = YES;
				CLANG_WARN_BOOL_CONVERSION = YES;
				CLANG_WARN_COMMA = YES;
				CLANG_WARN_CONSTANT_CONVERSION = YES;
				CLANG_WARN_DEPRECATED_OBJC_IMPLEMENTATIONS = YES;
				CLANG_WARN_DIRECT_OBJC_ISA_USAGE = YES_ERROR;
				CLANG_WARN_DOCUMENTATION_COMMENTS = YES;
				CLANG_WARN_EMPTY_BODY = YES;
				CLANG_WARN_ENUM_CONVERSION = YES;
				CLANG_WARN_INFINITE_RECURSION = YES;
				CLANG_WARN_INT_CONVERSION = YES;
				CLANG_WARN_NON_LITERAL_NULL_CONVERSION = YES;
				CLANG_WARN_OBJC_IMPLICIT_RETAIN_SELF = YES;
				CLANG_WARN_OBJC_LITERAL_CONVERSION = YES;
				CLANG_WARN_OBJC_ROOT_CLASS = YES_ERROR;
				CLANG_WARN_QUOTED_INCLUDE_IN_FRAMEWORK_HEADER = YES;
				CLANG_WARN_RANGE_LOOP_ANALYSIS = YES;
				CLANG_WARN_STRICT_PROTOTYPES = YES;
				CLANG_WARN_SUSPICIOUS_MOVE = YES;
				CLANG_WARN_UNGUARDED_AVAILABILITY = YES_AGGRESSIVE;
				CLANG_WARN_UNREACHABLE_CODE = YES;
				CLANG_WARN__DUPLICATE_METHOD_MATCH = YES;
				COPY_PHASE_STRIP = NO;
				DEBUG_INFORMATION_FORMAT = "dwarf-with-dsym";
				ENABLE_NS_ASSERTIONS = NO;
				ENABLE_STRICT_OBJC_MSGSEND = YES;
				GCC_C_LANGUAGE_STANDARD = gnu11;
				GCC_NO_COMMON_BLOCKS = YES;
				GCC_WARN_64_TO_32_BIT_CONVERSION = YES;
				GCC_WARN_ABOUT_RETURN_TYPE = YES_ERROR;
				GCC_WARN_UNDECLARED_SELECTOR = YES;
				GCC_WARN_UNINITIALIZED_AUTOS = YES_AGGRESSIVE;
				GCC_WARN_UNUSED_FUNCTION = YES;
				GCC_WARN_UNUSED_VARIABLE = YES;
				IPHONEOS_DEPLOYMENT_TARGET = 14.2;
				MTL_ENABLE_DEBUG_INFO = NO;
				MTL_FAST_MATH = YES;
				SDKROOT = iphoneos;
				SWIFT_COMPILATION_MODE = wholemodule;
				SWIFT_OPTIMIZATION_LEVEL = "-O";
				VALIDATE_PRODUCT = YES;
			};
			name = Release;
		};
		F453980C270670F80088ACCD /* Debug */ = {
			isa = XCBuildConfiguration;
			baseConfigurationReference = E3DE6571BEF787760B6622F5 /* Pods-Feed.debug.xcconfig */;
			buildSettings = {
				ASSETCATALOG_COMPILER_APPICON_NAME = AppIcon;
				ASSETCATALOG_COMPILER_GLOBAL_ACCENT_COLOR_NAME = AccentColor;
				CODE_SIGN_STYLE = Automatic;
				CURRENT_PROJECT_VERSION = 2.0;
				INFOPLIST_FILE = Feed/Resources/Info.plist;
				INFOPLIST_KEY_CFBundleDisplayName = Feed;
				IPHONEOS_DEPLOYMENT_TARGET = 15.6;
				LD_RUNPATH_SEARCH_PATHS = (
					"$(inherited)",
					"@executable_path/Frameworks",
				);
				MARKETING_VERSION = 2.0;
				PRODUCT_BUNDLE_IDENTIFIER = br.com.practiceFirebase.Feed;
				PRODUCT_NAME = "$(TARGET_NAME)";
				SWIFT_VERSION = 5.0;
				TARGETED_DEVICE_FAMILY = 1;
			};
			name = Debug;
		};
		F453980D270670F80088ACCD /* Release */ = {
			isa = XCBuildConfiguration;
			baseConfigurationReference = 9475A1F7319B8064837D8BDC /* Pods-Feed.release.xcconfig */;
			buildSettings = {
				ASSETCATALOG_COMPILER_APPICON_NAME = AppIcon;
				ASSETCATALOG_COMPILER_GLOBAL_ACCENT_COLOR_NAME = AccentColor;
				CODE_SIGN_STYLE = Automatic;
				CURRENT_PROJECT_VERSION = 2.0;
				INFOPLIST_FILE = Feed/Resources/Info.plist;
				INFOPLIST_KEY_CFBundleDisplayName = Feed;
				IPHONEOS_DEPLOYMENT_TARGET = 15.6;
				LD_RUNPATH_SEARCH_PATHS = (
					"$(inherited)",
					"@executable_path/Frameworks",
				);
				MARKETING_VERSION = 2.0;
				PRODUCT_BUNDLE_IDENTIFIER = br.com.practiceFirebase.Feed;
				PRODUCT_NAME = "$(TARGET_NAME)";
				SWIFT_VERSION = 5.0;
				TARGETED_DEVICE_FAMILY = 1;
			};
			name = Release;
		};
/* End XCBuildConfiguration section */

/* Begin XCConfigurationList section */
		F45397F2270670F40088ACCD /* Build configuration list for PBXProject "Feed" */ = {
			isa = XCConfigurationList;
			buildConfigurations = (
				F4539809270670F80088ACCD /* Debug */,
				F453980A270670F80088ACCD /* Release */,
			);
			defaultConfigurationIsVisible = 0;
			defaultConfigurationName = Release;
		};
		F453980B270670F80088ACCD /* Build configuration list for PBXNativeTarget "Feed" */ = {
			isa = XCConfigurationList;
			buildConfigurations = (
				F453980C270670F80088ACCD /* Debug */,
				F453980D270670F80088ACCD /* Release */,
			);
			defaultConfigurationIsVisible = 0;
			defaultConfigurationName = Release;
		};
/* End XCConfigurationList section */
	};
	rootObject = F45397EF270670F40088ACCD /* Project object */;
}
